{
  "name": "monorepo",
  "version": "1.0.0",
  "lockfileVersion": 2,
  "requires": true,
  "packages": {
    "": {
      "name": "monorepo",
      "version": "1.0.0",
      "license": "ISC",
      "workspaces": [
        "./src/*"
      ]
    },
    "node_modules/utils": {
      "resolved": "src/utils",
      "link": true
    },
    "src/utils": {
      "version": "1.0.0",
      "license": "ISC"
    }
  },
  "dependencies": {
    "utils": {
      "version": "file:src/utils"
    }
  }
}
